
Microsoft Visual Studio Solution File, Format Version 12.00
# Visual Studio Version 17
VisualStudioVersion = 17.7.34221.43
MinimumVisualStudioVersion = 10.0.40219.1
Project("{FAE04EC0-301F-11D3-BF4B-00C04F79EFBC}") = "SchoolLib", "SchoolLib\SchoolLib.csproj", "{1E49C1FC-C9F0-46FA-9189-8FA5B3F69F4F}"
EndProject
Project("{FAE04EC0-301F-11D3-BF4B-00C04F79EFBC}") = "SchoolDataTest", "SchoolDataTest\SchoolDataTest.csproj", "{833D2F95-A096-4E81-9BA4-916F47B6D92A}"
EndProject
Global
	GlobalSection(SolutionConfigurationPlatforms) = preSolution
		Debug|Any CPU = Debug|Any CPU
		Release|Any CPU = Release|Any CPU
	EndGlobalSection
	GlobalSection(ProjectConfigurationPlatforms) = postSolution
		{1E49C1FC-C9F0-46FA-9189-8FA5B3F69F4F}.Debug|Any CPU.ActiveCfg = Debug|Any CPU
		{1E49C1FC-C9F0-46FA-9189-8FA5B3F69F4F}.Debug|Any CPU.Build.0 = Debug|Any CPU
		{1E49C1FC-C9F0-46FA-9189-8FA5B3F69F4F}.Release|Any CPU.ActiveCfg = Release|Any CPU
		{1E49C1FC-C9F0-46FA-9189-8FA5B3F69F4F}.Release|Any CPU.Build.0 = Release|Any CPU
		{833D2F95-A096-4E81-9BA4-916F47B6D92A}.Debug|Any CPU.ActiveCfg = Debug|Any CPU
		{833D2F95-A096-4E81-9BA4-916F47B6D92A}.Debug|Any CPU.Build.0 = Debug|Any CPU
		{833D2F95-A096-4E81-9BA4-916F47B6D92A}.Release|Any CPU.ActiveCfg = Release|Any CPU
		{833D2F95-A096-4E81-9BA4-916F47B6D92A}.Release|Any CPU.Build.0 = Release|Any CPU
	EndGlobalSection
	GlobalSection(SolutionProperties) = preSolution
		HideSolutionNode = FALSE
	EndGlobalSection
	GlobalSection(ExtensibilityGlobals) = postSolution
		SolutionGuid = {7DB4290A-B25C-4A77-B1E7-B5923A5E7F09}
	EndGlobalSection
EndGlobal
